
Microsoft Visual Studio Solution File, Format Version 12.00
# Visual Studio Version 16
VisualStudioVersion = 16.0.28803.352
MinimumVisualStudioVersion = 10.0.40219.1
Project("{FAE04EC0-301F-11D3-BF4B-00C04F79EFBC}") = "ApredaSQLYa", "..\ApredaSQLYa\ApredaSQLYa.csproj", "{4F950257-8A81-4BF8-9400-51EC281C1EA5}"
EndProject
Global
	GlobalSection(SolutionConfigurationPlatforms) = preSolution
		Debug|Any CPU = Debug|Any CPU
		Release|Any CPU = Release|Any CPU
	EndGlobalSection
	GlobalSection(ProjectConfigurationPlatforms) = postSolution
		{4F950257-8A81-4BF8-9400-51EC281C1EA5}.Debug|Any CPU.ActiveCfg = Debug|Any CPU
		{4F950257-8A81-4BF8-9400-51EC281C1EA5}.Debug|Any CPU.Build.0 = Debug|Any CPU
		{4F950257-8A81-4BF8-9400-51EC281C1EA5}.Release|Any CPU.ActiveCfg = Release|Any CPU
		{4F950257-8A81-4BF8-9400-51EC281C1EA5}.Release|Any CPU.Build.0 = Release|Any CPU
	EndGlobalSection
	GlobalSection(SolutionProperties) = preSolution
		HideSolutionNode = FALSE
	EndGlobalSection
	GlobalSection(ExtensibilityGlobals) = postSolution
		SolutionGuid = {32E9A1B2-27CA-4F9D-A680-DED00FC86695}
	EndGlobalSection
EndGlobal
